<?xml version="1.0" encoding="utf-8"?>
<Project ToolsVersion="4.0" xmlns="http://schemas.microsoft.com/developer/msbuild/2003">
  <ItemGroup>
    <Filter Include="src">
      <UniqueIdentifier>{1fd0eead-8166-44ba-93c8-e094cd4e0a74}</UniqueIdentifier>
    </Filter>
  </ItemGroup>
  <ItemGroup>
    <ClCompile Include="src\Point3d.cpp">
      <Filter>src</Filter>
    </ClCompile>
    <ClCompile Include="geolib.cpp" />
  </ItemGroup>
  <ItemGroup>
    <ClInclude Include="src\Point3d.h">
      <Filter>src</Filter>
    </ClInclude>
  </ItemGroup>
</Project>